github.com/GolangToolKits/grrt v0.0.8 h1:LQK2FGGeALZyCKFmf0VyQJmLCZycrNXjevint8KlNSI=
github.com/GolangToolKits/grrt v0.0.8/go.mod h1:BSRaZmmMpYJXM6ANkAY/1+azJyHXgO4zstzI+6WUjdY=
github.com/GolangToolKits/grrt v0.0.9 h1:dbDkP9uXFB3yKsH9jttIFmk+P5rc/qFSDSdM3tFCgw4=
github.com/GolangToolKits/grrt v0.0.9/go.mod h1:BSRaZmmMpYJXM6ANkAY/1+azJyHXgO4zstzI+6WUjdY=
